
Microsoft Visual Studio Solution File, Format Version 12.00
# Visual Studio Version 16
VisualStudioVersion = 16.0.30523.141
MinimumVisualStudioVersion = 10.0.40219.1
Project("{FAE04EC0-301F-11D3-BF4B-00C04F79EFBC}") = "Ghidora_Artur_Lab2", "Ghidora_Artur_Lab2.csproj", "{DD96E40C-14F2-479C-BB70-A268A41029C5}"
EndProject
Global
	GlobalSection(SolutionConfigurationPlatforms) = preSolution
		Debug|Any CPU = Debug|Any CPU
		Release|Any CPU = Release|Any CPU
	EndGlobalSection
	GlobalSection(ProjectConfigurationPlatforms) = postSolution
		{DD96E40C-14F2-479C-BB70-A268A41029C5}.Debug|Any CPU.ActiveCfg = Debug|Any CPU
		{DD96E40C-14F2-479C-BB70-A268A41029C5}.Debug|Any CPU.Build.0 = Debug|Any CPU
		{DD96E40C-14F2-479C-BB70-A268A41029C5}.Release|Any CPU.ActiveCfg = Release|Any CPU
		{DD96E40C-14F2-479C-BB70-A268A41029C5}.Release|Any CPU.Build.0 = Release|Any CPU
	EndGlobalSection
	GlobalSection(SolutionProperties) = preSolution
		HideSolutionNode = FALSE
	EndGlobalSection
	GlobalSection(ExtensibilityGlobals) = postSolution
		SolutionGuid = {2750BEB4-6081-41C0-9F48-42E7A219184C}
	EndGlobalSection
EndGlobal
